
Microsoft Visual Studio Solution File, Format Version 12.00
# Visual Studio Version 16
VisualStudioVersion = 16.0.29503.13
MinimumVisualStudioVersion = 10.0.40219.1
Project("{FAE04EC0-301F-11D3-BF4B-00C04F79EFBC}") = "OnlineStore", "OnlineStore\OnlineStore.csproj", "{B844B7EB-06BA-4487-8DB7-098DDCDDA1A4}"
EndProject
Global
	GlobalSection(SolutionConfigurationPlatforms) = preSolution
		Debug|Any CPU = Debug|Any CPU
		Release|Any CPU = Release|Any CPU
	EndGlobalSection
	GlobalSection(ProjectConfigurationPlatforms) = postSolution
		{B844B7EB-06BA-4487-8DB7-098DDCDDA1A4}.Debug|Any CPU.ActiveCfg = Debug|Any CPU
		{B844B7EB-06BA-4487-8DB7-098DDCDDA1A4}.Debug|Any CPU.Build.0 = Debug|Any CPU
		{B844B7EB-06BA-4487-8DB7-098DDCDDA1A4}.Release|Any CPU.ActiveCfg = Release|Any CPU
		{B844B7EB-06BA-4487-8DB7-098DDCDDA1A4}.Release|Any CPU.Build.0 = Release|Any CPU
	EndGlobalSection
	GlobalSection(SolutionProperties) = preSolution
		HideSolutionNode = FALSE
	EndGlobalSection
	GlobalSection(ExtensibilityGlobals) = postSolution
		SolutionGuid = {702383E5-1D84-4932-B409-38274D05BBB2}
	EndGlobalSection
EndGlobal
